// !$*UTF8*$!
{
	archiveVersion = 1;
	classes = {
	};
	objectVersion = 46;
	objects = {

/* Begin PBXBuildFile section */
		ED7B28541F6D9D3900DFE3DD /* main.m in Sources */ = {isa = PBXBuildFile; fileRef = ED7B28531F6D9D3900DFE3DD /* main.m */; };
		ED7B28571F6D9D3900DFE3DD /* AppDelegate.m in Sources */ = {isa = PBXBuildFile; fileRef = ED7B28561F6D9D3900DFE3DD /* AppDelegate.m */; };
		ED7B285A1F6D9D3900DFE3DD /* Home.m in Sources */ = {isa = PBXBuildFile; fileRef = ED7B28591F6D9D3900DFE3DD /* Home.m */; };
		ED7B285D1F6D9D3900DFE3DD /* Main.storyboard in Resources */ = {isa = PBXBuildFile; fileRef = ED7B285B1F6D9D3900DFE3DD /* Main.storyboard */; };
		ED7B28601F6D9D3900DFE3DD /* Mi_Segunda_App.xcdatamodeld in Sources */ = {isa = PBXBuildFile; fileRef = ED7B285E1F6D9D3900DFE3DD /* Mi_Segunda_App.xcdatamodeld */; };
		ED7B28621F6D9D3900DFE3DD /* Assets.xcassets in Resources */ = {isa = PBXBuildFile; fileRef = ED7B28611F6D9D3900DFE3DD /* Assets.xcassets */; };
		ED7B28651F6D9D3900DFE3DD /* LaunchScreen.storyboard in Resources */ = {isa = PBXBuildFile; fileRef = ED7B28631F6D9D3900DFE3DD /* LaunchScreen.storyboard */; };
/* End PBXBuildFile section */

/* Begin PBXFileReference section */
		ED7B284F1F6D9D3900DFE3DD /* Mi Segunda App.app */ = {isa = PBXFileReference; explicitFileType = wrapper.application; includeInIndex = 0; path = "Mi Segunda App.app"; sourceTree = BUILT_PRODUCTS_DIR; };
		ED7B28531F6D9D3900DFE3DD /* main.m */ = {isa = PBXFileReference; lastKnownFileType = sourcecode.c.objc; path = main.m; sourceTree = "<group>"; };
		ED7B28551F6D9D3900DFE3DD /* AppDelegate.h */ = {isa = PBXFileReference; lastKnownFileType = sourcecode.c.h; path = AppDelegate.h; sourceTree = "<group>"; };
		ED7B28561F6D9D3900DFE3DD /* AppDelegate.m */ = {isa = PBXFileReference; lastKnownFileType = sourcecode.c.objc; path = AppDelegate.m; sourceTree = "<group>"; };
		ED7B28581F6D9D3900DFE3DD /* Home.h */ = {isa = PBXFileReference; lastKnownFileType = sourcecode.c.h; path = Home.h; sourceTree = "<group>"; };
		ED7B28591F6D9D3900DFE3DD /* Home.m */ = {isa = PBXFileReference; lastKnownFileType = sourcecode.c.objc; path = Home.m; sourceTree = "<group>"; };
		ED7B285C1F6D9D3900DFE3DD /* Base */ = {isa = PBXFileReference; lastKnownFileType = file.storyboard; name = Base; path = Base.lproj/Main.storyboard; sourceTree = "<group>"; };
		ED7B285F1F6D9D3900DFE3DD /* Mi_Segunda_App.xcdatamodel */ = {isa = PBXFileReference; lastKnownFileType = wrapper.xcdatamodel; path = Mi_Segunda_App.xcdatamodel; sourceTree = "<group>"; };
		ED7B28611F6D9D3900DFE3DD /* Assets.xcassets */ = {isa = PBXFileReference; lastKnownFileType = folder.assetcatalog; path = Assets.xcassets; sourceTree = "<group>"; };
		ED7B28641F6D9D3900DFE3DD /* Base */ = {isa = PBXFileReference; lastKnownFileType = file.storyboard; name = Base; path = Base.lproj/LaunchScreen.storyboard; sourceTree = "<group>"; };
		ED7B28661F6D9D3900DFE3DD /* Info.plist */ = {isa = PBXFileReference; lastKnownFileType = text.plist.xml; path = Info.plist; sourceTree = "<group>"; };
/* End PBXFileReference section */

/* Begin PBXFrameworksBuildPhase section */
		ED7B284C1F6D9D3900DFE3DD /* Frameworks */ = {
			isa = PBXFrameworksBuildPhase;
			buildActionMask = 2147483647;
			files = (
			);
			runOnlyForDeploymentPostprocessing = 0;
		};
/* End PBXFrameworksBuildPhase section */

/* Begin PBXGroup section */
		ED7B28461F6D9D3900DFE3DD = {
			isa = PBXGroup;
			children = (
				ED7B28511F6D9D3900DFE3DD /* Mi Segunda App */,
				ED7B28501F6D9D3900DFE3DD /* Products */,
			);
			sourceTree = "<group>";
		};
		ED7B28501F6D9D3900DFE3DD /* Products */ = {
			isa = PBXGroup;
			children = (
				ED7B284F1F6D9D3900DFE3DD /* Mi Segunda App.app */,
			);
			name = Products;
			sourceTree = "<group>";
		};
		ED7B28511F6D9D3900DFE3DD /* Mi Segunda App */ = {
			isa = PBXGroup;
			children = (
				ED7B286D1F6DA0E600DFE3DD /* Controllers */,
				ED7B286C1F6D9E7D00DFE3DD /* Main */,
				ED7B285B1F6D9D3900DFE3DD /* Main.storyboard */,
				ED7B28611F6D9D3900DFE3DD /* Assets.xcassets */,
				ED7B28631F6D9D3900DFE3DD /* LaunchScreen.storyboard */,
				ED7B28661F6D9D3900DFE3DD /* Info.plist */,
				ED7B285E1F6D9D3900DFE3DD /* Mi_Segunda_App.xcdatamodeld */,
				ED7B28521F6D9D3900DFE3DD /* Supporting Files */,
			);
			path = "Mi Segunda App";
			sourceTree = "<group>";
		};
		ED7B28521F6D9D3900DFE3DD /* Supporting Files */ = {
			isa = PBXGroup;
			children = (
				ED7B28531F6D9D3900DFE3DD /* main.m */,
			);
			name = "Supporting Files";
			sourceTree = "<group>";
		};
		ED7B286C1F6D9E7D00DFE3DD /* Main */ = {
			isa = PBXGroup;
			children = (
				ED7B28561F6D9D3900DFE3DD /* AppDelegate.m */,
				ED7B28551F6D9D3900DFE3DD /* AppDelegate.h */,
			);
			name = Main;
			sourceTree = "<group>";
		};
		ED7B286D1F6DA0E600DFE3DD /* Controllers */ = {
			isa = PBXGroup;
			children = (
				ED7B28591F6D9D3900DFE3DD /* Home.m */,
				ED7B28581F6D9D3900DFE3DD /* Home.h */,
			);
			name = Controllers;
			sourceTree = "<group>";
		};
/* End PBXGroup section */

/* Begin PBXNativeTarget section */
		ED7B284E1F6D9D3900DFE3DD /* Mi Segunda App */ = {
			isa = PBXNativeTarget;
			buildConfigurationList = ED7B28691F6D9D3900DFE3DD /* Build configuration list for PBXNativeTarget "Mi Segunda App" */;
			buildPhases = (
				ED7B284B1F6D9D3900DFE3DD /* Sources */,
				ED7B284C1F6D9D3900DFE3DD /* Frameworks */,
				ED7B284D1F6D9D3900DFE3DD /* Resources */,
			);
			buildRules = (
			);
			dependencies = (
			);
			name = "Mi Segunda App";
			productName = "Mi Segunda App";
			productReference = ED7B284F1F6D9D3900DFE3DD /* Mi Segunda App.app */;
			productType = "com.apple.product-type.application";
		};
/* End PBXNativeTarget section */

/* Begin PBXProject section */
		ED7B28471F6D9D3900DFE3DD /* Project object */ = {
			isa = PBXProject;
			attributes = {
				LastUpgradeCheck = 0830;
				ORGANIZATIONNAME = "Sergio Martinez";
				TargetAttributes = {
					ED7B284E1F6D9D3900DFE3DD = {
						CreatedOnToolsVersion = 8.3.3;
						ProvisioningStyle = Automatic;
					};
				};
			};
			buildConfigurationList = ED7B284A1F6D9D3900DFE3DD /* Build configuration list for PBXProject "Mi Segunda App" */;
			compatibilityVersion = "Xcode 3.2";
			developmentRegion = English;
			hasScannedForEncodings = 0;
			knownRegions = (
				en,
				Base,
			);
			mainGroup = ED7B28461F6D9D3900DFE3DD;
			productRefGroup = ED7B28501F6D9D3900DFE3DD /* Products */;
			projectDirPath = "";
			projectRoot = "";
			targets = (
				ED7B284E1F6D9D3900DFE3DD /* Mi Segunda App */,
			);
		};
/* End PBXProject section */

/* Begin PBXResourcesBuildPhase section */
		ED7B284D1F6D9D3900DFE3DD /* Resources */ = {
			isa = PBXResourcesBuildPhase;
			buildActionMask = 2147483647;
			files = (
				ED7B28651F6D9D3900DFE3DD /* LaunchScreen.storyboard in Resources */,
				ED7B28621F6D9D3900DFE3DD /* Assets.xcassets in Resources */,
				ED7B285D1F6D9D3900DFE3DD /* Main.storyboard in Resources */,
			);
			runOnlyForDeploymentPostprocessing = 0;
		};
/* End PBXResourcesBuildPhase section */

/* Begin PBXSourcesBuildPhase section */
		ED7B284B1F6D9D3900DFE3DD /* Sources */ = {
			isa = PBXSourcesBuildPhase;
			buildActionMask = 2147483647;
			files = (
				ED7B285A1F6D9D3900DFE3DD /* Home.m in Sources */,
				ED7B28571F6D9D3900DFE3DD /* AppDelegate.m in Sources */,
				ED7B28541F6D9D3900DFE3DD /* main.m in Sources */,
				ED7B28601F6D9D3900DFE3DD /* Mi_Segunda_App.xcdatamodeld in Sources */,
			);
			runOnlyForDeploymentPostprocessing = 0;
		};
/* End PBXSourcesBuildPhase section */

/* Begin PBXVariantGroup section */
		ED7B285B1F6D9D3900DFE3DD /* Main.storyboard */ = {
			isa = PBXVariantGroup;
			children = (
				ED7B285C1F6D9D3900DFE3DD /* Base */,
			);
			name = Main.storyboard;
			sourceTree = "<group>";
		};
		ED7B28631F6D9D3900DFE3DD /* LaunchScreen.storyboard */ = {
			isa = PBXVariantGroup;
			children = (
				ED7B28641F6D9D3900DFE3DD /* Base */,
			);
			name = LaunchScreen.storyboard;
			sourceTree = "<group>";
		};
/* End PBXVariantGroup section */

/* Begin XCBuildConfiguration section */
		ED7B28671F6D9D3900DFE3DD /* Debug */ = {
			isa = XCBuildConfiguration;
			buildSettings = {
				ALWAYS_SEARCH_USER_PATHS = NO;
				CLANG_ANALYZER_NONNULL = YES;
				CLANG_ANALYZER_NUMBER_OBJECT_CONVERSION = YES_AGGRESSIVE;
				CLANG_CXX_LANGUAGE_STANDARD = "gnu++0x";
				CLANG_CXX_LIBRARY = "libc++";
				CLANG_ENABLE_MODULES = YES;
				CLANG_ENABLE_OBJC_ARC = YES;
				CLANG_WARN_BOOL_CONVERSION = YES;
				CLANG_WARN_CONSTANT_CONVERSION = YES;
				CLANG_WARN_DIRECT_OBJC_ISA_USAGE = YES_ERROR;
				CLANG_WARN_DOCUMENTATION_COMMENTS = YES;
				CLANG_WARN_EMPTY_BODY = YES;
				CLANG_WARN_ENUM_CONVERSION = YES;
				CLANG_WARN_INFINITE_RECURSION = YES;
				CLANG_WARN_INT_CONVERSION = YES;
				CLANG_WARN_OBJC_ROOT_CLASS = YES_ERROR;
				CLANG_WARN_SUSPICIOUS_MOVE = YES;
				CLANG_WARN_UNREACHABLE_CODE = YES;
				CLANG_WARN__DUPLICATE_METHOD_MATCH = YES;
				"CODE_SIGN_IDENTITY[sdk=iphoneos*]" = "iPhone Developer";
				COPY_PHASE_STRIP = NO;
				DEBUG_INFORMATION_FORMAT = dwarf;
				ENABLE_STRICT_OBJC_MSGSEND = YES;
				ENABLE_TESTABILITY = YES;
				GCC_C_LANGUAGE_STANDARD = gnu99;
				GCC_DYNAMIC_NO_PIC = NO;
				GCC_NO_COMMON_BLOCKS = YES;
				GCC_OPTIMIZATION_LEVEL = 0;
				GCC_PREPROCESSOR_DEFINITIONS = (
					"DEBUG=1",
					"$(inherited)",
				);
				GCC_WARN_64_TO_32_BIT_CONVERSION = YES;
				GCC_WARN_ABOUT_RETURN_TYPE = YES_ERROR;
				GCC_WARN_UNDECLARED_SELECTOR = YES;
				GCC_WARN_UNINITIALIZED_AUTOS = YES_AGGRESSIVE;
				GCC_WARN_UNUSED_FUNCTION = YES;
				GCC_WARN_UNUSED_VARIABLE = YES;
				IPHONEOS_DEPLOYMENT_TARGET = 10.3;
				MTL_ENABLE_DEBUG_INFO = YES;
				ONLY_ACTIVE_ARCH = YES;
				SDKROOT = iphoneos;
			};
			name = Debug;
		};
		ED7B28681F6D9D3900DFE3DD /* Release */ = {
			isa = XCBuildConfiguration;
			buildSettings = {
				ALWAYS_SEARCH_USER_PATHS = NO;
				CLANG_ANALYZER_NONNULL = YES;
				CLANG_ANALYZER_NUMBER_OBJECT_CONVERSION = YES_AGGRESSIVE;
				CLANG_CXX_LANGUAGE_STANDARD = "gnu++0x";
				CLANG_CXX_LIBRARY = "libc++";
				CLANG_ENABLE_MODULES = YES;
				CLANG_ENABLE_OBJC_ARC = YES;
				CLANG_WARN_BOOL_CONVERSION = YES;
				CLANG_WARN_CONSTANT_CONVERSION = YES;
				CLANG_WARN_DIRECT_OBJC_ISA_USAGE = YES_ERROR;
				CLANG_WARN_DOCUMENTATION_COMMENTS = YES;
				CLANG_WARN_EMPTY_BODY = YES;
				CLANG_WARN_ENUM_CONVERSION = YES;
				CLANG_WARN_INFINITE_RECURSION = YES;
				CLANG_WARN_INT_CONVERSION = YES;
				CLANG_WARN_OBJC_ROOT_CLASS = YES_ERROR;
				CLANG_WARN_SUSPICIOUS_MOVE = YES;
				CLANG_WARN_UNREACHABLE_CODE = YES;
				CLANG_WARN__DUPLICATE_METHOD_MATCH = YES;
				"CODE_SIGN_IDENTITY[sdk=iphoneos*]" = "iPhone Developer";
				COPY_PHASE_STRIP = NO;
				DEBUG_INFORMATION_FORMAT = "dwarf-with-dsym";
				ENABLE_NS_ASSERTIONS = NO;
				ENABLE_STRICT_OBJC_MSGSEND = YES;
				GCC_C_LANGUAGE_STANDARD = gnu99;
				GCC_NO_COMMON_BLOCKS = YES;
				GCC_WARN_64_TO_32_BIT_CONVERSION = YES;
				GCC_WARN_ABOUT_RETURN_TYPE = YES_ERROR;
				GCC_WARN_UNDECLARED_SELECTOR = YES;
				GCC_WARN_UNINITIALIZED_AUTOS = YES_AGGRESSIVE;
				GCC_WARN_UNUSED_FUNCTION = YES;
				GCC_WARN_UNUSED_VARIABLE = YES;
				IPHONEOS_DEPLOYMENT_TARGET = 10.3;
				MTL_ENABLE_DEBUG_INFO = NO;
				SDKROOT = iphoneos;
				VALIDATE_PRODUCT = YES;
			};
			name = Release;
		};
		ED7B286A1F6D9D3900DFE3DD /* Debug */ = {
			isa = XCBuildConfiguration;
			buildSettings = {
				ASSETCATALOG_COMPILER_APPICON_NAME = AppIcon;
				INFOPLIST_FILE = "Mi Segunda App/Info.plist";
				LD_RUNPATH_SEARCH_PATHS = "$(inherited) @executable_path/Frameworks";
				PRODUCT_BUNDLE_IDENTIFIER = "com.sergiomartnzr.Mi-Segunda-App";
				PRODUCT_NAME = "$(TARGET_NAME)";
			};
			name = Debug;
		};
		ED7B286B1F6D9D3900DFE3DD /* Release */ = {
			isa = XCBuildConfiguration;
			buildSettings = {
				ASSETCATALOG_COMPILER_APPICON_NAME = AppIcon;
				INFOPLIST_FILE = "Mi Segunda App/Info.plist";
				LD_RUNPATH_SEARCH_PATHS = "$(inherited) @executable_path/Frameworks";
				PRODUCT_BUNDLE_IDENTIFIER = "com.sergiomartnzr.Mi-Segunda-App";
				PRODUCT_NAME = "$(TARGET_NAME)";
			};
			name = Release;
		};
/* End XCBuildConfiguration section */

/* Begin XCConfigurationList section */
		ED7B284A1F6D9D3900DFE3DD /* Build configuration list for PBXProject "Mi Segunda App" */ = {
			isa = XCConfigurationList;
			buildConfigurations = (
				ED7B28671F6D9D3900DFE3DD /* Debug */,
				ED7B28681F6D9D3900DFE3DD /* Release */,
			);
			defaultConfigurationIsVisible = 0;
			defaultConfigurationName = Release;
		};
		ED7B28691F6D9D3900DFE3DD /* Build configuration list for PBXNativeTarget "Mi Segunda App" */ = {
			isa = XCConfigurationList;
			buildConfigurations = (
				ED7B286A1F6D9D3900DFE3DD /* Debug */,
				ED7B286B1F6D9D3900DFE3DD /* Release */,
			);
			defaultConfigurationIsVisible = 0;
			defaultConfigurationName = Release;
		};
/* End XCConfigurationList section */

/* Begin XCVersionGroup section */
		ED7B285E1F6D9D3900DFE3DD /* Mi_Segunda_App.xcdatamodeld */ = {
			isa = XCVersionGroup;
			children = (
				ED7B285F1F6D9D3900DFE3DD /* Mi_Segunda_App.xcdatamodel */,
			);
			currentVersion = ED7B285F1F6D9D3900DFE3DD /* Mi_Segunda_App.xcdatamodel */;
			path = Mi_Segunda_App.xcdatamodeld;
			sourceTree = "<group>";
			versionGroupType = wrapper.xcdatamodel;
		};
/* End XCVersionGroup section */
	};
	rootObject = ED7B28471F6D9D3900DFE3DD /* Project object */;
}
